
Microsoft Visual Studio Solution File, Format Version 12.00
# Visual Studio Version 17
VisualStudioVersion = 17.8.0.0
MinimumVisualStudioVersion = 17.8.0.0
Project("{9A19103F-16F7-4668-BE54-9A1E7A4F7556}") = "AspireIssueTriageApp.AppHost", "AspireIssueTriageApp.AppHost\AspireIssueTriageApp.AppHost.csproj", "{930C1764-85C5-4E17-9600-93E70FB954A7}"
EndProject
Project("{9A19103F-16F7-4668-BE54-9A1E7A4F7556}") = "AspireIssueTriageApp.ServiceDefaults", "AspireIssueTriageApp.ServiceDefaults\AspireIssueTriageApp.ServiceDefaults.csproj", "{1E05D501-6008-493B-B016-142D6604D68D}"
EndProject
Project("{FAE04EC0-301F-11D3-BF4B-00C04F79EFBC}") = "AspireIssueTriageApp.FrontEnd", "AspireIssueTriageApp.FrontEnd\AspireIssueTriageApp.FrontEnd.csproj", "{EDE02937-E99F-4CAA-9FF3-1ABC8C8095B8}"
EndProject
Global
	GlobalSection(SolutionConfigurationPlatforms) = preSolution
		Debug|Any CPU = Debug|Any CPU
		Release|Any CPU = Release|Any CPU
	EndGlobalSection
	GlobalSection(ProjectConfigurationPlatforms) = postSolution
		{930C1764-85C5-4E17-9600-93E70FB954A7}.Debug|Any CPU.ActiveCfg = Debug|Any CPU
		{930C1764-85C5-4E17-9600-93E70FB954A7}.Debug|Any CPU.Build.0 = Debug|Any CPU
		{930C1764-85C5-4E17-9600-93E70FB954A7}.Release|Any CPU.ActiveCfg = Release|Any CPU
		{930C1764-85C5-4E17-9600-93E70FB954A7}.Release|Any CPU.Build.0 = Release|Any CPU
		{1E05D501-6008-493B-B016-142D6604D68D}.Debug|Any CPU.ActiveCfg = Debug|Any CPU
		{1E05D501-6008-493B-B016-142D6604D68D}.Debug|Any CPU.Build.0 = Debug|Any CPU
		{1E05D501-6008-493B-B016-142D6604D68D}.Release|Any CPU.ActiveCfg = Release|Any CPU
		{1E05D501-6008-493B-B016-142D6604D68D}.Release|Any CPU.Build.0 = Release|Any CPU
		{EDE02937-E99F-4CAA-9FF3-1ABC8C8095B8}.Debug|Any CPU.ActiveCfg = Debug|Any CPU
		{EDE02937-E99F-4CAA-9FF3-1ABC8C8095B8}.Debug|Any CPU.Build.0 = Debug|Any CPU
		{EDE02937-E99F-4CAA-9FF3-1ABC8C8095B8}.Release|Any CPU.ActiveCfg = Release|Any CPU
		{EDE02937-E99F-4CAA-9FF3-1ABC8C8095B8}.Release|Any CPU.Build.0 = Release|Any CPU
	EndGlobalSection
	GlobalSection(SolutionProperties) = preSolution
		HideSolutionNode = FALSE
	EndGlobalSection
	GlobalSection(ExtensibilityGlobals) = postSolution
		SolutionGuid = {A47E6875-CB37-4496-8928-FEA412660102}
	EndGlobalSection
EndGlobal
